
Microsoft Visual Studio Solution File, Format Version 12.00
# Visual Studio Version 17
VisualStudioVersion = 17.4.33213.308
MinimumVisualStudioVersion = 10.0.40219.1
Project("{2150E333-8FDC-42A3-9474-1A3956D46DE8}") = "Solution Items", "Solution Items", "{AA75416B-6E72-46BF-8C59-0E66721CB011}"
	ProjectSection(SolutionItems) = preProject
		.editorconfig = .editorconfig
		.gitignore = .gitignore
		.runsettings = .runsettings
		.vsconfig = .vsconfig
		Directory.Build.props = Directory.Build.props
		LICENSE = LICENSE
		README.md = README.md
	EndProjectSection
EndProject
Project("{9A19103F-16F7-4668-BE54-9A1E7A4F7556}") = "ConsoleAppNetCore3", "ConsoleAppNetCore3\ConsoleAppNetCore3.csproj", "{522E73F3-0422-4E6C-9BD9-994087809A59}"
EndProject
Project("{FAE04EC0-301F-11D3-BF4B-00C04F79EFBC}") = "WebApiNet6", "WebApiNet6\WebApiNet6.csproj", "{17FAED6F-3E8E-4E76-B0CA-BE42959FFBB4}"
EndProject
Project("{FAE04EC0-301F-11D3-BF4B-00C04F79EFBC}") = "WebApiNet6.Tests", "WebApiNet6.Tests\WebApiNet6.Tests.csproj", "{AF6F072E-5A6C-4599-AED4-B005FCA53128}"
EndProject
Project("{FAE04EC0-301F-11D3-BF4B-00C04F79EFBC}") = "WebApiNet6.IntegrationTests", "WebApiNet6.IntegrationTests\WebApiNet6.IntegrationTests.csproj", "{6DF49555-F7D2-4D66-865B-61CFFB144C7D}"
EndProject
Global
	GlobalSection(SolutionConfigurationPlatforms) = preSolution
		Debug|Any CPU = Debug|Any CPU
		Release|Any CPU = Release|Any CPU
	EndGlobalSection
	GlobalSection(ProjectConfigurationPlatforms) = postSolution
		{522E73F3-0422-4E6C-9BD9-994087809A59}.Debug|Any CPU.ActiveCfg = Debug|Any CPU
		{522E73F3-0422-4E6C-9BD9-994087809A59}.Debug|Any CPU.Build.0 = Debug|Any CPU
		{522E73F3-0422-4E6C-9BD9-994087809A59}.Release|Any CPU.ActiveCfg = Release|Any CPU
		{522E73F3-0422-4E6C-9BD9-994087809A59}.Release|Any CPU.Build.0 = Release|Any CPU
		{17FAED6F-3E8E-4E76-B0CA-BE42959FFBB4}.Debug|Any CPU.ActiveCfg = Debug|Any CPU
		{17FAED6F-3E8E-4E76-B0CA-BE42959FFBB4}.Debug|Any CPU.Build.0 = Debug|Any CPU
		{17FAED6F-3E8E-4E76-B0CA-BE42959FFBB4}.Release|Any CPU.ActiveCfg = Release|Any CPU
		{17FAED6F-3E8E-4E76-B0CA-BE42959FFBB4}.Release|Any CPU.Build.0 = Release|Any CPU
		{AF6F072E-5A6C-4599-AED4-B005FCA53128}.Debug|Any CPU.ActiveCfg = Debug|Any CPU
		{AF6F072E-5A6C-4599-AED4-B005FCA53128}.Debug|Any CPU.Build.0 = Debug|Any CPU
		{AF6F072E-5A6C-4599-AED4-B005FCA53128}.Release|Any CPU.ActiveCfg = Release|Any CPU
		{AF6F072E-5A6C-4599-AED4-B005FCA53128}.Release|Any CPU.Build.0 = Release|Any CPU
		{6DF49555-F7D2-4D66-865B-61CFFB144C7D}.Debug|Any CPU.ActiveCfg = Debug|Any CPU
		{6DF49555-F7D2-4D66-865B-61CFFB144C7D}.Debug|Any CPU.Build.0 = Debug|Any CPU
		{6DF49555-F7D2-4D66-865B-61CFFB144C7D}.Release|Any CPU.ActiveCfg = Release|Any CPU
		{6DF49555-F7D2-4D66-865B-61CFFB144C7D}.Release|Any CPU.Build.0 = Release|Any CPU
	EndGlobalSection
	GlobalSection(SolutionProperties) = preSolution
		HideSolutionNode = FALSE
	EndGlobalSection
	GlobalSection(ExtensibilityGlobals) = postSolution
		SolutionGuid = {E6D18B38-1528-47B6-A383-0068D79B7C15}
	EndGlobalSection
EndGlobal
